// !$*UTF8*$!
{
	archiveVersion = 1;
	classes = {
	};
	objectVersion = 50;
	objects = {

/* Begin PBXBuildFile section */
		3D2919302111BC3E00F1B4C7 /* AppDelegate.swift in Sources */ = {isa = PBXBuildFile; fileRef = 3D29192F2111BC3E00F1B4C7 /* AppDelegate.swift */; };
		3D2919322111BC3E00F1B4C7 /* ViewController.swift in Sources */ = {isa = PBXBuildFile; fileRef = 3D2919312111BC3E00F1B4C7 /* ViewController.swift */; };
		3D2919352111BC3E00F1B4C7 /* Main.storyboard in Resources */ = {isa = PBXBuildFile; fileRef = 3D2919332111BC3E00F1B4C7 /* Main.storyboard */; };
		3D2919372111BC4100F1B4C7 /* Assets.xcassets in Resources */ = {isa = PBXBuildFile; fileRef = 3D2919362111BC4100F1B4C7 /* Assets.xcassets */; };
		3D29193A2111BC4100F1B4C7 /* LaunchScreen.storyboard in Resources */ = {isa = PBXBuildFile; fileRef = 3D2919382111BC4100F1B4C7 /* LaunchScreen.storyboard */; };
		3D2919432111BCA300F1B4C7 /* Post.swift in Sources */ = {isa = PBXBuildFile; fileRef = 3D2919422111BCA300F1B4C7 /* Post.swift */; };
		3D2919462111D88500F1B4C7 /* PostCell.swift in Sources */ = {isa = PBXBuildFile; fileRef = 3D2919452111D88500F1B4C7 /* PostCell.swift */; };
		3D2919492111DCEA00F1B4C7 /* AddPostVC.swift in Sources */ = {isa = PBXBuildFile; fileRef = 3D2919482111DCEA00F1B4C7 /* AddPostVC.swift */; };
		3D29194C2111E44000F1B4C7 /* Data Service.swift in Sources */ = {isa = PBXBuildFile; fileRef = 3D29194B2111E44000F1B4C7 /* Data Service.swift */; };
/* End PBXBuildFile section */

/* Begin PBXFileReference section */
		3D29192C2111BC3E00F1B4C7 /* MyHood.app */ = {isa = PBXFileReference; explicitFileType = wrapper.application; includeInIndex = 0; path = MyHood.app; sourceTree = BUILT_PRODUCTS_DIR; };
		3D29192F2111BC3E00F1B4C7 /* AppDelegate.swift */ = {isa = PBXFileReference; lastKnownFileType = sourcecode.swift; path = AppDelegate.swift; sourceTree = "<group>"; };
		3D2919312111BC3E00F1B4C7 /* ViewController.swift */ = {isa = PBXFileReference; lastKnownFileType = sourcecode.swift; path = ViewController.swift; sourceTree = "<group>"; };
		3D2919342111BC3E00F1B4C7 /* Base */ = {isa = PBXFileReference; lastKnownFileType = file.storyboard; name = Base; path = Base.lproj/Main.storyboard; sourceTree = "<group>"; };
		3D2919362111BC4100F1B4C7 /* Assets.xcassets */ = {isa = PBXFileReference; lastKnownFileType = folder.assetcatalog; path = Assets.xcassets; sourceTree = "<group>"; };
		3D2919392111BC4100F1B4C7 /* Base */ = {isa = PBXFileReference; lastKnownFileType = file.storyboard; name = Base; path = Base.lproj/LaunchScreen.storyboard; sourceTree = "<group>"; };
		3D29193B2111BC4100F1B4C7 /* Info.plist */ = {isa = PBXFileReference; lastKnownFileType = text.plist.xml; path = Info.plist; sourceTree = "<group>"; };
		3D2919422111BCA300F1B4C7 /* Post.swift */ = {isa = PBXFileReference; lastKnownFileType = sourcecode.swift; path = Post.swift; sourceTree = "<group>"; };
		3D2919452111D88500F1B4C7 /* PostCell.swift */ = {isa = PBXFileReference; lastKnownFileType = sourcecode.swift; path = PostCell.swift; sourceTree = "<group>"; };
		3D2919482111DCEA00F1B4C7 /* AddPostVC.swift */ = {isa = PBXFileReference; lastKnownFileType = sourcecode.swift; path = AddPostVC.swift; sourceTree = "<group>"; };
		3D29194B2111E44000F1B4C7 /* Data Service.swift */ = {isa = PBXFileReference; lastKnownFileType = sourcecode.swift; path = "Data Service.swift"; sourceTree = "<group>"; };
/* End PBXFileReference section */

/* Begin PBXFrameworksBuildPhase section */
		3D2919292111BC3E00F1B4C7 /* Frameworks */ = {
			isa = PBXFrameworksBuildPhase;
			buildActionMask = 2147483647;
			files = (
			);
			runOnlyForDeploymentPostprocessing = 0;
		};
/* End PBXFrameworksBuildPhase section */

/* Begin PBXGroup section */
		3D2919232111BC3E00F1B4C7 = {
			isa = PBXGroup;
			children = (
				3D29192E2111BC3E00F1B4C7 /* MyHood */,
				3D29192D2111BC3E00F1B4C7 /* Products */,
			);
			sourceTree = "<group>";
		};
		3D29192D2111BC3E00F1B4C7 /* Products */ = {
			isa = PBXGroup;
			children = (
				3D29192C2111BC3E00F1B4C7 /* MyHood.app */,
			);
			name = Products;
			sourceTree = "<group>";
		};
		3D29192E2111BC3E00F1B4C7 /* MyHood */ = {
			isa = PBXGroup;
			children = (
				3D29194A2111E42B00F1B4C7 /* Singleton */,
				3D2919472111DCC400F1B4C7 /* Controller */,
				3D2919442111D86100F1B4C7 /* View */,
				3D2919412111BC8A00F1B4C7 /* Model */,
				3D29192F2111BC3E00F1B4C7 /* AppDelegate.swift */,
				3D2919312111BC3E00F1B4C7 /* ViewController.swift */,
				3D2919332111BC3E00F1B4C7 /* Main.storyboard */,
				3D2919362111BC4100F1B4C7 /* Assets.xcassets */,
				3D2919382111BC4100F1B4C7 /* LaunchScreen.storyboard */,
				3D29193B2111BC4100F1B4C7 /* Info.plist */,
			);
			path = MyHood;
			sourceTree = "<group>";
		};
		3D2919412111BC8A00F1B4C7 /* Model */ = {
			isa = PBXGroup;
			children = (
				3D2919422111BCA300F1B4C7 /* Post.swift */,
			);
			path = Model;
			sourceTree = "<group>";
		};
		3D2919442111D86100F1B4C7 /* View */ = {
			isa = PBXGroup;
			children = (
				3D2919452111D88500F1B4C7 /* PostCell.swift */,
			);
			path = View;
			sourceTree = "<group>";
		};
		3D2919472111DCC400F1B4C7 /* Controller */ = {
			isa = PBXGroup;
			children = (
				3D2919482111DCEA00F1B4C7 /* AddPostVC.swift */,
			);
			path = Controller;
			sourceTree = "<group>";
		};
		3D29194A2111E42B00F1B4C7 /* Singleton */ = {
			isa = PBXGroup;
			children = (
				3D29194B2111E44000F1B4C7 /* Data Service.swift */,
			);
			path = Singleton;
			sourceTree = "<group>";
		};
/* End PBXGroup section */

/* Begin PBXNativeTarget section */
		3D29192B2111BC3E00F1B4C7 /* MyHood */ = {
			isa = PBXNativeTarget;
			buildConfigurationList = 3D29193E2111BC4100F1B4C7 /* Build configuration list for PBXNativeTarget "MyHood" */;
			buildPhases = (
				3D2919282111BC3E00F1B4C7 /* Sources */,
				3D2919292111BC3E00F1B4C7 /* Frameworks */,
				3D29192A2111BC3E00F1B4C7 /* Resources */,
			);
			buildRules = (
			);
			dependencies = (
			);
			name = MyHood;
			productName = MyHood;
			productReference = 3D29192C2111BC3E00F1B4C7 /* MyHood.app */;
			productType = "com.apple.product-type.application";
		};
/* End PBXNativeTarget section */

/* Begin PBXProject section */
		3D2919242111BC3E00F1B4C7 /* Project object */ = {
			isa = PBXProject;
			attributes = {
				LastSwiftUpdateCheck = 0940;
				LastUpgradeCheck = 0940;
				ORGANIZATIONNAME = "Serényi  Zsófia";
				TargetAttributes = {
					3D29192B2111BC3E00F1B4C7 = {
						CreatedOnToolsVersion = 9.4.1;
					};
				};
			};
			buildConfigurationList = 3D2919272111BC3E00F1B4C7 /* Build configuration list for PBXProject "MyHood" */;
			compatibilityVersion = "Xcode 9.3";
			developmentRegion = en;
			hasScannedForEncodings = 0;
			knownRegions = (
				en,
				Base,
			);
			mainGroup = 3D2919232111BC3E00F1B4C7;
			productRefGroup = 3D29192D2111BC3E00F1B4C7 /* Products */;
			projectDirPath = "";
			projectRoot = "";
			targets = (
				3D29192B2111BC3E00F1B4C7 /* MyHood */,
			);
		};
/* End PBXProject section */

/* Begin PBXResourcesBuildPhase section */
		3D29192A2111BC3E00F1B4C7 /* Resources */ = {
			isa = PBXResourcesBuildPhase;
			buildActionMask = 2147483647;
			files = (
				3D29193A2111BC4100F1B4C7 /* LaunchScreen.storyboard in Resources */,
				3D2919372111BC4100F1B4C7 /* Assets.xcassets in Resources */,
				3D2919352111BC3E00F1B4C7 /* Main.storyboard in Resources */,
			);
			runOnlyForDeploymentPostprocessing = 0;
		};
/* End PBXResourcesBuildPhase section */

/* Begin PBXSourcesBuildPhase section */
		3D2919282111BC3E00F1B4C7 /* Sources */ = {
			isa = PBXSourcesBuildPhase;
			buildActionMask = 2147483647;
			files = (
				3D2919432111BCA300F1B4C7 /* Post.swift in Sources */,
				3D2919322111BC3E00F1B4C7 /* ViewController.swift in Sources */,
				3D29194C2111E44000F1B4C7 /* Data Service.swift in Sources */,
				3D2919492111DCEA00F1B4C7 /* AddPostVC.swift in Sources */,
				3D2919302111BC3E00F1B4C7 /* AppDelegate.swift in Sources */,
				3D2919462111D88500F1B4C7 /* PostCell.swift in Sources */,
			);
			runOnlyForDeploymentPostprocessing = 0;
		};
/* End PBXSourcesBuildPhase section */

/* Begin PBXVariantGroup section */
		3D2919332111BC3E00F1B4C7 /* Main.storyboard */ = {
			isa = PBXVariantGroup;
			children = (
				3D2919342111BC3E00F1B4C7 /* Base */,
			);
			name = Main.storyboard;
			sourceTree = "<group>";
		};
		3D2919382111BC4100F1B4C7 /* LaunchScreen.storyboard */ = {
			isa = PBXVariantGroup;
			children = (
				3D2919392111BC4100F1B4C7 /* Base */,
			);
			name = LaunchScreen.storyboard;
			sourceTree = "<group>";
		};
/* End PBXVariantGroup section */

/* Begin XCBuildConfiguration section */
		3D29193C2111BC4100F1B4C7 /* Debug */ = {
			isa = XCBuildConfiguration;
			buildSettings = {
				ALWAYS_SEARCH_USER_PATHS = NO;
				CLANG_ANALYZER_NONNULL = YES;
				CLANG_ANALYZER_NUMBER_OBJECT_CONVERSION = YES_AGGRESSIVE;
				CLANG_CXX_LANGUAGE_STANDARD = "gnu++14";
				CLANG_CXX_LIBRARY = "libc++";
				CLANG_ENABLE_MODULES = YES;
				CLANG_ENABLE_OBJC_ARC = YES;
				CLANG_ENABLE_OBJC_WEAK = YES;
				CLANG_WARN_BLOCK_CAPTURE_AUTORELEASING = YES;
				CLANG_WARN_BOOL_CONVERSION = YES;
				CLANG_WARN_COMMA = YES;
				CLANG_WARN_CONSTANT_CONVERSION = YES;
				CLANG_WARN_DEPRECATED_OBJC_IMPLEMENTATIONS = YES;
				CLANG_WARN_DIRECT_OBJC_ISA_USAGE = YES_ERROR;
				CLANG_WARN_DOCUMENTATION_COMMENTS = YES;
				CLANG_WARN_EMPTY_BODY = YES;
				CLANG_WARN_ENUM_CONVERSION = YES;
				CLANG_WARN_INFINITE_RECURSION = YES;
				CLANG_WARN_INT_CONVERSION = YES;
				CLANG_WARN_NON_LITERAL_NULL_CONVERSION = YES;
				CLANG_WARN_OBJC_IMPLICIT_RETAIN_SELF = YES;
				CLANG_WARN_OBJC_LITERAL_CONVERSION = YES;
				CLANG_WARN_OBJC_ROOT_CLASS = YES_ERROR;
				CLANG_WARN_RANGE_LOOP_ANALYSIS = YES;
				CLANG_WARN_STRICT_PROTOTYPES = YES;
				CLANG_WARN_SUSPICIOUS_MOVE = YES;
				CLANG_WARN_UNGUARDED_AVAILABILITY = YES_AGGRESSIVE;
				CLANG_WARN_UNREACHABLE_CODE = YES;
				CLANG_WARN__DUPLICATE_METHOD_MATCH = YES;
				CODE_SIGN_IDENTITY = "iPhone Developer";
				COPY_PHASE_STRIP = NO;
				DEBUG_INFORMATION_FORMAT = dwarf;
				ENABLE_STRICT_OBJC_MSGSEND = YES;
				ENABLE_TESTABILITY = YES;
				GCC_C_LANGUAGE_STANDARD = gnu11;
				GCC_DYNAMIC_NO_PIC = NO;
				GCC_NO_COMMON_BLOCKS = YES;
				GCC_OPTIMIZATION_LEVEL = 0;
				GCC_PREPROCESSOR_DEFINITIONS = (
					"DEBUG=1",
					"$(inherited)",
				);
				GCC_WARN_64_TO_32_BIT_CONVERSION = YES;
				GCC_WARN_ABOUT_RETURN_TYPE = YES_ERROR;
				GCC_WARN_UNDECLARED_SELECTOR = YES;
				GCC_WARN_UNINITIALIZED_AUTOS = YES_AGGRESSIVE;
				GCC_WARN_UNUSED_FUNCTION = YES;
				GCC_WARN_UNUSED_VARIABLE = YES;
				IPHONEOS_DEPLOYMENT_TARGET = 11.4;
				MTL_ENABLE_DEBUG_INFO = YES;
				ONLY_ACTIVE_ARCH = YES;
				SDKROOT = iphoneos;
				SWIFT_ACTIVE_COMPILATION_CONDITIONS = DEBUG;
				SWIFT_OPTIMIZATION_LEVEL = "-Onone";
			};
			name = Debug;
		};
		3D29193D2111BC4100F1B4C7 /* Release */ = {
			isa = XCBuildConfiguration;
			buildSettings = {
				ALWAYS_SEARCH_USER_PATHS = NO;
				CLANG_ANALYZER_NONNULL = YES;
				CLANG_ANALYZER_NUMBER_OBJECT_CONVERSION = YES_AGGRESSIVE;
				CLANG_CXX_LANGUAGE_STANDARD = "gnu++14";
				CLANG_CXX_LIBRARY = "libc++";
				CLANG_ENABLE_MODULES = YES;
				CLANG_ENABLE_OBJC_ARC = YES;
				CLANG_ENABLE_OBJC_WEAK = YES;
				CLANG_WARN_BLOCK_CAPTURE_AUTORELEASING = YES;
				CLANG_WARN_BOOL_CONVERSION = YES;
				CLANG_WARN_COMMA = YES;
				CLANG_WARN_CONSTANT_CONVERSION = YES;
				CLANG_WARN_DEPRECATED_OBJC_IMPLEMENTATIONS = YES;
				CLANG_WARN_DIRECT_OBJC_ISA_USAGE = YES_ERROR;
				CLANG_WARN_DOCUMENTATION_COMMENTS = YES;
				CLANG_WARN_EMPTY_BODY = YES;
				CLANG_WARN_ENUM_CONVERSION = YES;
				CLANG_WARN_INFINITE_RECURSION = YES;
				CLANG_WARN_INT_CONVERSION = YES;
				CLANG_WARN_NON_LITERAL_NULL_CONVERSION = YES;
				CLANG_WARN_OBJC_IMPLICIT_RETAIN_SELF = YES;
				CLANG_WARN_OBJC_LITERAL_CONVERSION = YES;
				CLANG_WARN_OBJC_ROOT_CLASS = YES_ERROR;
				CLANG_WARN_RANGE_LOOP_ANALYSIS = YES;
				CLANG_WARN_STRICT_PROTOTYPES = YES;
				CLANG_WARN_SUSPICIOUS_MOVE = YES;
				CLANG_WARN_UNGUARDED_AVAILABILITY = YES_AGGRESSIVE;
				CLANG_WARN_UNREACHABLE_CODE = YES;
				CLANG_WARN__DUPLICATE_METHOD_MATCH = YES;
				CODE_SIGN_IDENTITY = "iPhone Developer";
				COPY_PHASE_STRIP = NO;
				DEBUG_INFORMATION_FORMAT = "dwarf-with-dsym";
				ENABLE_NS_ASSERTIONS = NO;
				ENABLE_STRICT_OBJC_MSGSEND = YES;
				GCC_C_LANGUAGE_STANDARD = gnu11;
				GCC_NO_COMMON_BLOCKS = YES;
				GCC_WARN_64_TO_32_BIT_CONVERSION = YES;
				GCC_WARN_ABOUT_RETURN_TYPE = YES_ERROR;
				GCC_WARN_UNDECLARED_SELECTOR = YES;
				GCC_WARN_UNINITIALIZED_AUTOS = YES_AGGRESSIVE;
				GCC_WARN_UNUSED_FUNCTION = YES;
				GCC_WARN_UNUSED_VARIABLE = YES;
				IPHONEOS_DEPLOYMENT_TARGET = 11.4;
				MTL_ENABLE_DEBUG_INFO = NO;
				SDKROOT = iphoneos;
				SWIFT_COMPILATION_MODE = wholemodule;
				SWIFT_OPTIMIZATION_LEVEL = "-O";
				VALIDATE_PRODUCT = YES;
			};
			name = Release;
		};
		3D29193F2111BC4100F1B4C7 /* Debug */ = {
			isa = XCBuildConfiguration;
			buildSettings = {
				ASSETCATALOG_COMPILER_APPICON_NAME = AppIcon;
				CODE_SIGN_STYLE = Automatic;
				INFOPLIST_FILE = MyHood/Info.plist;
				LD_RUNPATH_SEARCH_PATHS = (
					"$(inherited)",
					"@executable_path/Frameworks",
				);
				PRODUCT_BUNDLE_IDENTIFIER = com.teamtreehouse.MyHood;
				PRODUCT_NAME = "$(TARGET_NAME)";
				SWIFT_VERSION = 4.0;
				TARGETED_DEVICE_FAMILY = "1,2";
			};
			name = Debug;
		};
		3D2919402111BC4100F1B4C7 /* Release */ = {
			isa = XCBuildConfiguration;
			buildSettings = {
				ASSETCATALOG_COMPILER_APPICON_NAME = AppIcon;
				CODE_SIGN_STYLE = Automatic;
				INFOPLIST_FILE = MyHood/Info.plist;
				LD_RUNPATH_SEARCH_PATHS = (
					"$(inherited)",
					"@executable_path/Frameworks",
				);
				PRODUCT_BUNDLE_IDENTIFIER = com.teamtreehouse.MyHood;
				PRODUCT_NAME = "$(TARGET_NAME)";
				SWIFT_VERSION = 4.0;
				TARGETED_DEVICE_FAMILY = "1,2";
			};
			name = Release;
		};
/* End XCBuildConfiguration section */

/* Begin XCConfigurationList section */
		3D2919272111BC3E00F1B4C7 /* Build configuration list for PBXProject "MyHood" */ = {
			isa = XCConfigurationList;
			buildConfigurations = (
				3D29193C2111BC4100F1B4C7 /* Debug */,
				3D29193D2111BC4100F1B4C7 /* Release */,
			);
			defaultConfigurationIsVisible = 0;
			defaultConfigurationName = Release;
		};
		3D29193E2111BC4100F1B4C7 /* Build configuration list for PBXNativeTarget "MyHood" */ = {
			isa = XCConfigurationList;
			buildConfigurations = (
				3D29193F2111BC4100F1B4C7 /* Debug */,
				3D2919402111BC4100F1B4C7 /* Release */,
			);
			defaultConfigurationIsVisible = 0;
			defaultConfigurationName = Release;
		};
/* End XCConfigurationList section */
	};
	rootObject = 3D2919242111BC3E00F1B4C7 /* Project object */;
}
